
Microsoft Visual Studio Solution File, Format Version 12.00
# Visual Studio 15
VisualStudioVersion = 15.0.28307.271
MinimumVisualStudioVersion = 10.0.40219.1
Project("{FAE04EC0-301F-11D3-BF4B-00C04F79EFBC}") = "ProiectMFPC_V1", "ProiectMFPC_V1\ProiectMFPC_V1.csproj", "{527E7B7D-8017-41D0-A7AB-F45FA5F45AFD}"
EndProject
Global
	GlobalSection(SolutionConfigurationPlatforms) = preSolution
		Debug|Any CPU = Debug|Any CPU
		Release|Any CPU = Release|Any CPU
	EndGlobalSection
	GlobalSection(ProjectConfigurationPlatforms) = postSolution
		{527E7B7D-8017-41D0-A7AB-F45FA5F45AFD}.Debug|Any CPU.ActiveCfg = Debug|Any CPU
		{527E7B7D-8017-41D0-A7AB-F45FA5F45AFD}.Debug|Any CPU.Build.0 = Debug|Any CPU
		{527E7B7D-8017-41D0-A7AB-F45FA5F45AFD}.Release|Any CPU.ActiveCfg = Release|Any CPU
		{527E7B7D-8017-41D0-A7AB-F45FA5F45AFD}.Release|Any CPU.Build.0 = Release|Any CPU
	EndGlobalSection
	GlobalSection(SolutionProperties) = preSolution
		HideSolutionNode = FALSE
	EndGlobalSection
	GlobalSection(ExtensibilityGlobals) = postSolution
		SolutionGuid = {CAE36620-D3E9-4DB3-82F5-3D2215BBF42C}
	EndGlobalSection
EndGlobal
